
Microsoft Visual Studio Solution File, Format Version 12.00
# Visual Studio Version 16
VisualStudioVersion = 16.0.29728.190
MinimumVisualStudioVersion = 10.0.40219.1
Project("{FAE04EC0-301F-11D3-BF4B-00C04F79EFBC}") = "WindowsFormsApp4", "WindowsFormsApp4\WindowsFormsApp4.csproj", "{2E6AF131-B909-4706-9BA9-8BD31AE1FE7E}"
EndProject
Global
	GlobalSection(SolutionConfigurationPlatforms) = preSolution
		Debug|Any CPU = Debug|Any CPU
		Release|Any CPU = Release|Any CPU
	EndGlobalSection
	GlobalSection(ProjectConfigurationPlatforms) = postSolution
		{2E6AF131-B909-4706-9BA9-8BD31AE1FE7E}.Debug|Any CPU.ActiveCfg = Debug|Any CPU
		{2E6AF131-B909-4706-9BA9-8BD31AE1FE7E}.Debug|Any CPU.Build.0 = Debug|Any CPU
		{2E6AF131-B909-4706-9BA9-8BD31AE1FE7E}.Release|Any CPU.ActiveCfg = Release|Any CPU
		{2E6AF131-B909-4706-9BA9-8BD31AE1FE7E}.Release|Any CPU.Build.0 = Release|Any CPU
	EndGlobalSection
	GlobalSection(SolutionProperties) = preSolution
		HideSolutionNode = FALSE
	EndGlobalSection
	GlobalSection(ExtensibilityGlobals) = postSolution
		SolutionGuid = {ED003F50-C5BE-46C7-9C42-24C31A51DCB4}
	EndGlobalSection
EndGlobal
